// !$*UTF8*$!
{
	archiveVersion = 1;
	classes = {
	};
	objectVersion = 46;
	objects = {

/* Begin PBXBuildFile section */
		38FB17851C893BEE00B428E4 /* AppDelegate.swift in Sources */ = {isa = PBXBuildFile; fileRef = 38FB17841C893BEE00B428E4 /* AppDelegate.swift */; };
		38FB178A1C893BEE00B428E4 /* Main.storyboard in Resources */ = {isa = PBXBuildFile; fileRef = 38FB17881C893BEE00B428E4 /* Main.storyboard */; };
		38FB178C1C893BEE00B428E4 /* Assets.xcassets in Resources */ = {isa = PBXBuildFile; fileRef = 38FB178B1C893BEE00B428E4 /* Assets.xcassets */; };
		38FB178F1C893BEE00B428E4 /* LaunchScreen.storyboard in Resources */ = {isa = PBXBuildFile; fileRef = 38FB178D1C893BEE00B428E4 /* LaunchScreen.storyboard */; };
		38FB17971C893C5B00B428E4 /* ImageLoader.swift in Sources */ = {isa = PBXBuildFile; fileRef = 38FB17961C893C5B00B428E4 /* ImageLoader.swift */; };
		38FB17991C893C6300B428E4 /* MyScrollView.swift in Sources */ = {isa = PBXBuildFile; fileRef = 38FB17981C893C6300B428E4 /* MyScrollView.swift */; };
		38FB179B1C893C7300B428E4 /* ViewController.swift in Sources */ = {isa = PBXBuildFile; fileRef = 38FB179A1C893C7300B428E4 /* ViewController.swift */; };
/* End PBXBuildFile section */

/* Begin PBXFileReference section */
		38FB17811C893BEE00B428E4 /* SwiftWaterFall.app */ = {isa = PBXFileReference; explicitFileType = wrapper.application; includeInIndex = 0; path = SwiftWaterFall.app; sourceTree = BUILT_PRODUCTS_DIR; };
		38FB17841C893BEE00B428E4 /* AppDelegate.swift */ = {isa = PBXFileReference; lastKnownFileType = sourcecode.swift; path = AppDelegate.swift; sourceTree = "<group>"; };
		38FB17891C893BEE00B428E4 /* Base */ = {isa = PBXFileReference; lastKnownFileType = file.storyboard; name = Base; path = Base.lproj/Main.storyboard; sourceTree = "<group>"; };
		38FB178B1C893BEE00B428E4 /* Assets.xcassets */ = {isa = PBXFileReference; lastKnownFileType = folder.assetcatalog; path = Assets.xcassets; sourceTree = "<group>"; };
		38FB178E1C893BEE00B428E4 /* Base */ = {isa = PBXFileReference; lastKnownFileType = file.storyboard; name = Base; path = Base.lproj/LaunchScreen.storyboard; sourceTree = "<group>"; };
		38FB17901C893BEE00B428E4 /* Info.plist */ = {isa = PBXFileReference; lastKnownFileType = text.plist.xml; path = Info.plist; sourceTree = "<group>"; };
		38FB17961C893C5B00B428E4 /* ImageLoader.swift */ = {isa = PBXFileReference; fileEncoding = 4; lastKnownFileType = sourcecode.swift; path = ImageLoader.swift; sourceTree = "<group>"; };
		38FB17981C893C6300B428E4 /* MyScrollView.swift */ = {isa = PBXFileReference; fileEncoding = 4; lastKnownFileType = sourcecode.swift; path = MyScrollView.swift; sourceTree = "<group>"; };
		38FB179A1C893C7300B428E4 /* ViewController.swift */ = {isa = PBXFileReference; fileEncoding = 4; lastKnownFileType = sourcecode.swift; path = ViewController.swift; sourceTree = "<group>"; };
/* End PBXFileReference section */

/* Begin PBXFrameworksBuildPhase section */
		38FB177E1C893BEE00B428E4 /* Frameworks */ = {
			isa = PBXFrameworksBuildPhase;
			buildActionMask = 2147483647;
			files = (
			);
			runOnlyForDeploymentPostprocessing = 0;
		};
/* End PBXFrameworksBuildPhase section */

/* Begin PBXGroup section */
		38FB17781C893BEE00B428E4 = {
			isa = PBXGroup;
			children = (
				38FB17831C893BEE00B428E4 /* SwiftWaterFall */,
				38FB17821C893BEE00B428E4 /* Products */,
			);
			sourceTree = "<group>";
		};
		38FB17821C893BEE00B428E4 /* Products */ = {
			isa = PBXGroup;
			children = (
				38FB17811C893BEE00B428E4 /* SwiftWaterFall.app */,
			);
			name = Products;
			sourceTree = "<group>";
		};
		38FB17831C893BEE00B428E4 /* SwiftWaterFall */ = {
			isa = PBXGroup;
			children = (
				38FB17841C893BEE00B428E4 /* AppDelegate.swift */,
				38FB17981C893C6300B428E4 /* MyScrollView.swift */,
				38FB17961C893C5B00B428E4 /* ImageLoader.swift */,
				38FB179A1C893C7300B428E4 /* ViewController.swift */,
				38FB17881C893BEE00B428E4 /* Main.storyboard */,
				38FB178B1C893BEE00B428E4 /* Assets.xcassets */,
				38FB178D1C893BEE00B428E4 /* LaunchScreen.storyboard */,
				38FB17901C893BEE00B428E4 /* Info.plist */,
			);
			path = SwiftWaterFall;
			sourceTree = "<group>";
		};
/* End PBXGroup section */

/* Begin PBXNativeTarget section */
		38FB17801C893BEE00B428E4 /* SwiftWaterFall */ = {
			isa = PBXNativeTarget;
			buildConfigurationList = 38FB17931C893BEE00B428E4 /* Build configuration list for PBXNativeTarget "SwiftWaterFall" */;
			buildPhases = (
				38FB177D1C893BEE00B428E4 /* Sources */,
				38FB177E1C893BEE00B428E4 /* Frameworks */,
				38FB177F1C893BEE00B428E4 /* Resources */,
			);
			buildRules = (
			);
			dependencies = (
			);
			name = SwiftWaterFall;
			productName = SwiftWaterFall;
			productReference = 38FB17811C893BEE00B428E4 /* SwiftWaterFall.app */;
			productType = "com.apple.product-type.application";
		};
/* End PBXNativeTarget section */

/* Begin PBXProject section */
		38FB17791C893BEE00B428E4 /* Project object */ = {
			isa = PBXProject;
			attributes = {
				LastSwiftUpdateCheck = 0730;
				LastUpgradeCheck = 0730;
				ORGANIZATIONNAME = taiw;
				TargetAttributes = {
					38FB17801C893BEE00B428E4 = {
						CreatedOnToolsVersion = 7.3;
					};
				};
			};
			buildConfigurationList = 38FB177C1C893BEE00B428E4 /* Build configuration list for PBXProject "SwiftWaterFall" */;
			compatibilityVersion = "Xcode 3.2";
			developmentRegion = English;
			hasScannedForEncodings = 0;
			knownRegions = (
				en,
				Base,
			);
			mainGroup = 38FB17781C893BEE00B428E4;
			productRefGroup = 38FB17821C893BEE00B428E4 /* Products */;
			projectDirPath = "";
			projectRoot = "";
			targets = (
				38FB17801C893BEE00B428E4 /* SwiftWaterFall */,
			);
		};
/* End PBXProject section */

/* Begin PBXResourcesBuildPhase section */
		38FB177F1C893BEE00B428E4 /* Resources */ = {
			isa = PBXResourcesBuildPhase;
			buildActionMask = 2147483647;
			files = (
				38FB178F1C893BEE00B428E4 /* LaunchScreen.storyboard in Resources */,
				38FB178C1C893BEE00B428E4 /* Assets.xcassets in Resources */,
				38FB178A1C893BEE00B428E4 /* Main.storyboard in Resources */,
			);
			runOnlyForDeploymentPostprocessing = 0;
		};
/* End PBXResourcesBuildPhase section */

/* Begin PBXSourcesBuildPhase section */
		38FB177D1C893BEE00B428E4 /* Sources */ = {
			isa = PBXSourcesBuildPhase;
			buildActionMask = 2147483647;
			files = (
				38FB17991C893C6300B428E4 /* MyScrollView.swift in Sources */,
				38FB17851C893BEE00B428E4 /* AppDelegate.swift in Sources */,
				38FB179B1C893C7300B428E4 /* ViewController.swift in Sources */,
				38FB17971C893C5B00B428E4 /* ImageLoader.swift in Sources */,
			);
			runOnlyForDeploymentPostprocessing = 0;
		};
/* End PBXSourcesBuildPhase section */

/* Begin PBXVariantGroup section */
		38FB17881C893BEE00B428E4 /* Main.storyboard */ = {
			isa = PBXVariantGroup;
			children = (
				38FB17891C893BEE00B428E4 /* Base */,
			);
			name = Main.storyboard;
			sourceTree = "<group>";
		};
		38FB178D1C893BEE00B428E4 /* LaunchScreen.storyboard */ = {
			isa = PBXVariantGroup;
			children = (
				38FB178E1C893BEE00B428E4 /* Base */,
			);
			name = LaunchScreen.storyboard;
			sourceTree = "<group>";
		};
/* End PBXVariantGroup section */

/* Begin XCBuildConfiguration section */
		38FB17911C893BEE00B428E4 /* Debug */ = {
			isa = XCBuildConfiguration;
			buildSettings = {
				ALWAYS_SEARCH_USER_PATHS = NO;
				CLANG_ANALYZER_NONNULL = YES;
				CLANG_CXX_LANGUAGE_STANDARD = "gnu++0x";
				CLANG_CXX_LIBRARY = "libc++";
				CLANG_ENABLE_MODULES = YES;
				CLANG_ENABLE_OBJC_ARC = YES;
				CLANG_WARN_BOOL_CONVERSION = YES;
				CLANG_WARN_CONSTANT_CONVERSION = YES;
				CLANG_WARN_DIRECT_OBJC_ISA_USAGE = YES_ERROR;
				CLANG_WARN_EMPTY_BODY = YES;
				CLANG_WARN_ENUM_CONVERSION = YES;
				CLANG_WARN_INT_CONVERSION = YES;
				CLANG_WARN_OBJC_ROOT_CLASS = YES_ERROR;
				CLANG_WARN_UNREACHABLE_CODE = YES;
				CLANG_WARN__DUPLICATE_METHOD_MATCH = YES;
				"CODE_SIGN_IDENTITY[sdk=iphoneos*]" = "iPhone Developer";
				COPY_PHASE_STRIP = NO;
				DEBUG_INFORMATION_FORMAT = dwarf;
				ENABLE_STRICT_OBJC_MSGSEND = YES;
				ENABLE_TESTABILITY = YES;
				GCC_C_LANGUAGE_STANDARD = gnu99;
				GCC_DYNAMIC_NO_PIC = NO;
				GCC_NO_COMMON_BLOCKS = YES;
				GCC_OPTIMIZATION_LEVEL = 0;
				GCC_PREPROCESSOR_DEFINITIONS = (
					"DEBUG=1",
					"$(inherited)",
				);
				GCC_WARN_64_TO_32_BIT_CONVERSION = YES;
				GCC_WARN_ABOUT_RETURN_TYPE = YES_ERROR;
				GCC_WARN_UNDECLARED_SELECTOR = YES;
				GCC_WARN_UNINITIALIZED_AUTOS = YES_AGGRESSIVE;
				GCC_WARN_UNUSED_FUNCTION = YES;
				GCC_WARN_UNUSED_VARIABLE = YES;
				IPHONEOS_DEPLOYMENT_TARGET = 9.3;
				MTL_ENABLE_DEBUG_INFO = YES;
				ONLY_ACTIVE_ARCH = YES;
				SDKROOT = iphoneos;
				SWIFT_OPTIMIZATION_LEVEL = "-Onone";
			};
			name = Debug;
		};
		38FB17921C893BEE00B428E4 /* Release */ = {
			isa = XCBuildConfiguration;
			buildSettings = {
				ALWAYS_SEARCH_USER_PATHS = NO;
				CLANG_ANALYZER_NONNULL = YES;
				CLANG_CXX_LANGUAGE_STANDARD = "gnu++0x";
				CLANG_CXX_LIBRARY = "libc++";
				CLANG_ENABLE_MODULES = YES;
				CLANG_ENABLE_OBJC_ARC = YES;
				CLANG_WARN_BOOL_CONVERSION = YES;
				CLANG_WARN_CONSTANT_CONVERSION = YES;
				CLANG_WARN_DIRECT_OBJC_ISA_USAGE = YES_ERROR;
				CLANG_WARN_EMPTY_BODY = YES;
				CLANG_WARN_ENUM_CONVERSION = YES;
				CLANG_WARN_INT_CONVERSION = YES;
				CLANG_WARN_OBJC_ROOT_CLASS = YES_ERROR;
				CLANG_WARN_UNREACHABLE_CODE = YES;
				CLANG_WARN__DUPLICATE_METHOD_MATCH = YES;
				"CODE_SIGN_IDENTITY[sdk=iphoneos*]" = "iPhone Developer";
				COPY_PHASE_STRIP = NO;
				DEBUG_INFORMATION_FORMAT = "dwarf-with-dsym";
				ENABLE_NS_ASSERTIONS = NO;
				ENABLE_STRICT_OBJC_MSGSEND = YES;
				GCC_C_LANGUAGE_STANDARD = gnu99;
				GCC_NO_COMMON_BLOCKS = YES;
				GCC_WARN_64_TO_32_BIT_CONVERSION = YES;
				GCC_WARN_ABOUT_RETURN_TYPE = YES_ERROR;
				GCC_WARN_UNDECLARED_SELECTOR = YES;
				GCC_WARN_UNINITIALIZED_AUTOS = YES_AGGRESSIVE;
				GCC_WARN_UNUSED_FUNCTION = YES;
				GCC_WARN_UNUSED_VARIABLE = YES;
				IPHONEOS_DEPLOYMENT_TARGET = 9.3;
				MTL_ENABLE_DEBUG_INFO = NO;
				SDKROOT = iphoneos;
				VALIDATE_PRODUCT = YES;
			};
			name = Release;
		};
		38FB17941C893BEE00B428E4 /* Debug */ = {
			isa = XCBuildConfiguration;
			buildSettings = {
				ASSETCATALOG_COMPILER_APPICON_NAME = AppIcon;
				INFOPLIST_FILE = SwiftWaterFall/Info.plist;
				LD_RUNPATH_SEARCH_PATHS = "$(inherited) @executable_path/Frameworks";
				PRODUCT_BUNDLE_IDENTIFIER = com.tw.demo.SwiftWaterFall;
				PRODUCT_NAME = "$(TARGET_NAME)";
			};
			name = Debug;
		};
		38FB17951C893BEE00B428E4 /* Release */ = {
			isa = XCBuildConfiguration;
			buildSettings = {
				ASSETCATALOG_COMPILER_APPICON_NAME = AppIcon;
				INFOPLIST_FILE = SwiftWaterFall/Info.plist;
				LD_RUNPATH_SEARCH_PATHS = "$(inherited) @executable_path/Frameworks";
				PRODUCT_BUNDLE_IDENTIFIER = com.tw.demo.SwiftWaterFall;
				PRODUCT_NAME = "$(TARGET_NAME)";
			};
			name = Release;
		};
/* End XCBuildConfiguration section */

/* Begin XCConfigurationList section */
		38FB177C1C893BEE00B428E4 /* Build configuration list for PBXProject "SwiftWaterFall" */ = {
			isa = XCConfigurationList;
			buildConfigurations = (
				38FB17911C893BEE00B428E4 /* Debug */,
				38FB17921C893BEE00B428E4 /* Release */,
			);
			defaultConfigurationIsVisible = 0;
			defaultConfigurationName = Release;
		};
		38FB17931C893BEE00B428E4 /* Build configuration list for PBXNativeTarget "SwiftWaterFall" */ = {
			isa = XCConfigurationList;
			buildConfigurations = (
				38FB17941C893BEE00B428E4 /* Debug */,
				38FB17951C893BEE00B428E4 /* Release */,
			);
			defaultConfigurationIsVisible = 0;
		};
/* End XCConfigurationList section */
	};
	rootObject = 38FB17791C893BEE00B428E4 /* Project object */;
}
